// !$*UTF8*$!
{
	archiveVersion = 1;
	classes = {
	};
	objectVersion = 50;
	objects = {

/* Begin PBXBuildFile section */
		7F0BEAFE219E49DF001FE933 /* CoachesViewController.swift in Sources */ = {isa = PBXBuildFile; fileRef = 7F0BEAFD219E49DF001FE933 /* CoachesViewController.swift */; };
		7F0BEB00219E49FF001FE933 /* PublicationsViewController.swift in Sources */ = {isa = PBXBuildFile; fileRef = 7F0BEAFF219E49FF001FE933 /* PublicationsViewController.swift */; };
		7F0BEB02219E4C2D001FE933 /* MasterSearchViewController.swift in Sources */ = {isa = PBXBuildFile; fileRef = 7F0BEB01219E4C2D001FE933 /* MasterSearchViewController.swift */; };
		7F29D51321701F1D0092530F /* AppDelegate.swift in Sources */ = {isa = PBXBuildFile; fileRef = 7F29D51221701F1D0092530F /* AppDelegate.swift */; };
		7F29D51521701F1D0092530F /* ViewController.swift in Sources */ = {isa = PBXBuildFile; fileRef = 7F29D51421701F1D0092530F /* ViewController.swift */; };
		7F29D51821701F1D0092530F /* Main.storyboard in Resources */ = {isa = PBXBuildFile; fileRef = 7F29D51621701F1D0092530F /* Main.storyboard */; };
		7F29D51A21701F200092530F /* Assets.xcassets in Resources */ = {isa = PBXBuildFile; fileRef = 7F29D51921701F200092530F /* Assets.xcassets */; };
		7F29D51D21701F200092530F /* LaunchScreen.storyboard in Resources */ = {isa = PBXBuildFile; fileRef = 7F29D51B21701F200092530F /* LaunchScreen.storyboard */; };
		7F29D52821701F200092530F /* LeaCouchTests.swift in Sources */ = {isa = PBXBuildFile; fileRef = 7F29D52721701F200092530F /* LeaCouchTests.swift */; };
		7F29D53321701F200092530F /* LeaCouchUITests.swift in Sources */ = {isa = PBXBuildFile; fileRef = 7F29D53221701F200092530F /* LeaCouchUITests.swift */; };
		7F29D54121703CA10092530F /* RegisterPageViewController.swift in Sources */ = {isa = PBXBuildFile; fileRef = 7F29D54021703CA10092530F /* RegisterPageViewController.swift */; };
		7F29D543217050550092530F /* LoginPageViewController.swift in Sources */ = {isa = PBXBuildFile; fileRef = 7F29D542217050550092530F /* LoginPageViewController.swift */; };
		7F316DB3219F65D3001D71D2 /* SearchCoachViewController.swift in Sources */ = {isa = PBXBuildFile; fileRef = 7F316DB2219F65D3001D71D2 /* SearchCoachViewController.swift */; };
		7F316DCB219F675E001D71D2 /* CoachTableViewCell.swift in Sources */ = {isa = PBXBuildFile; fileRef = 7F316DCA219F675E001D71D2 /* CoachTableViewCell.swift */; };
		7F316DCD219F8F35001D71D2 /* SearchPublicationsViewController.swift in Sources */ = {isa = PBXBuildFile; fileRef = 7F316DCC219F8F35001D71D2 /* SearchPublicationsViewController.swift */; };
		7F316DCF219F9D3E001D71D2 /* PublicationsTableViewCell.swift in Sources */ = {isa = PBXBuildFile; fileRef = 7F316DCE219F9D3E001D71D2 /* PublicationsTableViewCell.swift */; };
		7F316DD1219FAF7F001D71D2 /* AboutPublicationViewController.swift in Sources */ = {isa = PBXBuildFile; fileRef = 7F316DD0219FAF7F001D71D2 /* AboutPublicationViewController.swift */; };
		7FED3CCC219492DE00E19320 /* HomePrueba.swift in Sources */ = {isa = PBXBuildFile; fileRef = 7FED3CCB219492DE00E19320 /* HomePrueba.swift */; };
		DF16733B21822ECF00FA1D96 /* AlamofireImage.framework in Frameworks */ = {isa = PBXBuildFile; fileRef = DF16732C21822E8600FA1D96 /* AlamofireImage.framework */; };
		DF16733C21822ECF00FA1D96 /* AlamofireImage.framework in Embed Frameworks */ = {isa = PBXBuildFile; fileRef = DF16732C21822E8600FA1D96 /* AlamofireImage.framework */; settings = {ATTRIBUTES = (CodeSignOnCopy, RemoveHeadersOnCopy, ); }; };
		DF16733F21822ED700FA1D96 /* SwiftyJSON.framework in Frameworks */ = {isa = PBXBuildFile; fileRef = DF16731221822E7E00FA1D96 /* SwiftyJSON.framework */; };
		DF16734021822ED700FA1D96 /* SwiftyJSON.framework in Embed Frameworks */ = {isa = PBXBuildFile; fileRef = DF16731221822E7E00FA1D96 /* SwiftyJSON.framework */; settings = {ATTRIBUTES = (CodeSignOnCopy, RemoveHeadersOnCopy, ); }; };
		DF16734321822EE200FA1D96 /* Alamofire.framework in Frameworks */ = {isa = PBXBuildFile; fileRef = DF1672F921822E7500FA1D96 /* Alamofire.framework */; };
		DF16734421822EE200FA1D96 /* Alamofire.framework in Embed Frameworks */ = {isa = PBXBuildFile; fileRef = DF1672F921822E7500FA1D96 /* Alamofire.framework */; settings = {ATTRIBUTES = (CodeSignOnCopy, RemoveHeadersOnCopy, ); }; };
		E3896A6021819A8900E22752 /* NewApiTutor.swift in Sources */ = {isa = PBXBuildFile; fileRef = E3896A5F21819A8900E22752 /* NewApiTutor.swift */; };
		E3896A6221819EA000E22752 /* Tutor.swift in Sources */ = {isa = PBXBuildFile; fileRef = E3896A6121819EA000E22752 /* Tutor.swift */; };
		E3F270B821944C140041ED6C /* Publication.swift in Sources */ = {isa = PBXBuildFile; fileRef = E3F270B721944C140041ED6C /* Publication.swift */; };
		E3F270D021944C2B0041ED6C /* Career.swift in Sources */ = {isa = PBXBuildFile; fileRef = E3F270CF21944C2B0041ED6C /* Career.swift */; };
		E3F270D221944C3A0041ED6C /* Course.swift in Sources */ = {isa = PBXBuildFile; fileRef = E3F270D121944C3A0041ED6C /* Course.swift */; };
		E3F270D421944C4B0041ED6C /* Favorite.swift in Sources */ = {isa = PBXBuildFile; fileRef = E3F270D321944C4B0041ED6C /* Favorite.swift */; };
		E3F270D621944C650041ED6C /* Comment.swift in Sources */ = {isa = PBXBuildFile; fileRef = E3F270D521944C650041ED6C /* Comment.swift */; };
		E3F270D821944C740041ED6C /* User.swift in Sources */ = {isa = PBXBuildFile; fileRef = E3F270D721944C740041ED6C /* User.swift */; };
		E3F270DA21944C880041ED6C /* Type.swift in Sources */ = {isa = PBXBuildFile; fileRef = E3F270D921944C880041ED6C /* Type.swift */; };
		E3F270DC219453280041ED6C /* HomeViewController.swift in Sources */ = {isa = PBXBuildFile; fileRef = E3F270DB219453280041ED6C /* HomeViewController.swift */; };
/* End PBXBuildFile section */

/* Begin PBXContainerItemProxy section */
		7F29D52421701F200092530F /* PBXContainerItemProxy */ = {
			isa = PBXContainerItemProxy;
			containerPortal = 7F29D50721701F1D0092530F /* Project object */;
			proxyType = 1;
			remoteGlobalIDString = 7F29D50E21701F1D0092530F;
			remoteInfo = LeaCouch;
		};
		7F29D52F21701F200092530F /* PBXContainerItemProxy */ = {
			isa = PBXContainerItemProxy;
			containerPortal = 7F29D50721701F1D0092530F /* Project object */;
			proxyType = 1;
			remoteGlobalIDString = 7F29D50E21701F1D0092530F;
			remoteInfo = LeaCouch;
		};
		DF1672F821822E7500FA1D96 /* PBXContainerItemProxy */ = {
			isa = PBXContainerItemProxy;
			containerPortal = DF1672ED21822E7400FA1D96 /* Alamofire.xcodeproj */;
			proxyType = 2;
			remoteGlobalIDString = F8111E3319A95C8B0040E7D1;
			remoteInfo = "Alamofire iOS";
		};
		DF1672FA21822E7500FA1D96 /* PBXContainerItemProxy */ = {
			isa = PBXContainerItemProxy;
			containerPortal = DF1672ED21822E7400FA1D96 /* Alamofire.xcodeproj */;
			proxyType = 2;
			remoteGlobalIDString = F8111E3E19A95C8B0040E7D1;
			remoteInfo = "Alamofire iOS Tests";
		};
		DF1672FC21822E7500FA1D96 /* PBXContainerItemProxy */ = {
			isa = PBXContainerItemProxy;
			containerPortal = DF1672ED21822E7400FA1D96 /* Alamofire.xcodeproj */;
			proxyType = 2;
			remoteGlobalIDString = 4DD67C0B1A5C55C900ED2280;
			remoteInfo = "Alamofire macOS";
		};
		DF1672FE21822E7500FA1D96 /* PBXContainerItemProxy */ = {
			isa = PBXContainerItemProxy;
			containerPortal = DF1672ED21822E7400FA1D96 /* Alamofire.xcodeproj */;
			proxyType = 2;
			remoteGlobalIDString = F829C6B21A7A94F100A2CD59;
			remoteInfo = "Alamofire macOS Tests";
		};
		DF16730021822E7500FA1D96 /* PBXContainerItemProxy */ = {
			isa = PBXContainerItemProxy;
			containerPortal = DF1672ED21822E7400FA1D96 /* Alamofire.xcodeproj */;
			proxyType = 2;
			remoteGlobalIDString = 4CF626EF1BA7CB3E0011A099;
			remoteInfo = "Alamofire tvOS";
		};
		DF16730221822E7500FA1D96 /* PBXContainerItemProxy */ = {
			isa = PBXContainerItemProxy;
			containerPortal = DF1672ED21822E7400FA1D96 /* Alamofire.xcodeproj */;
			proxyType = 2;
			remoteGlobalIDString = 4CF626F81BA7CB3E0011A099;
			remoteInfo = "Alamofire tvOS Tests";
		};
		DF16730421822E7500FA1D96 /* PBXContainerItemProxy */ = {
			isa = PBXContainerItemProxy;
			containerPortal = DF1672ED21822E7400FA1D96 /* Alamofire.xcodeproj */;
			proxyType = 2;
			remoteGlobalIDString = E4202FE01B667AA100C997FB;
			remoteInfo = "Alamofire watchOS";
		};
		DF16731121822E7E00FA1D96 /* PBXContainerItemProxy */ = {
			isa = PBXContainerItemProxy;
			containerPortal = DF16730621822E7E00FA1D96 /* SwiftyJSON.xcodeproj */;
			proxyType = 2;
			remoteGlobalIDString = 2E4FEFDB19575BE100351305;
			remoteInfo = "SwiftyJSON iOS";
		};
		DF16731321822E7E00FA1D96 /* PBXContainerItemProxy */ = {
			isa = PBXContainerItemProxy;
			containerPortal = DF16730621822E7E00FA1D96 /* SwiftyJSON.xcodeproj */;
			proxyType = 2;
			remoteGlobalIDString = 2E4FEFE619575BE100351305;
			remoteInfo = "SwiftyJSON iOS Tests";
		};
		DF16731521822E7E00FA1D96 /* PBXContainerItemProxy */ = {
			isa = PBXContainerItemProxy;
			containerPortal = DF16730621822E7E00FA1D96 /* SwiftyJSON.xcodeproj */;
			proxyType = 2;
			remoteGlobalIDString = 9C7DFC5B1A9102BD005AA3F7;
			remoteInfo = "SwiftyJSON macOS";
		};
		DF16731721822E7E00FA1D96 /* PBXContainerItemProxy */ = {
			isa = PBXContainerItemProxy;
			containerPortal = DF16730621822E7E00FA1D96 /* SwiftyJSON.xcodeproj */;
			proxyType = 2;
			remoteGlobalIDString = 9C7DFC651A9102BD005AA3F7;
			remoteInfo = "SwiftyJSON macOS Tests";
		};
		DF16731921822E7E00FA1D96 /* PBXContainerItemProxy */ = {
			isa = PBXContainerItemProxy;
			containerPortal = DF16730621822E7E00FA1D96 /* SwiftyJSON.xcodeproj */;
			proxyType = 2;
			remoteGlobalIDString = E4D7CCE81B9465A700EE7221;
			remoteInfo = "SwiftyJSON watchOS";
		};
		DF16731B21822E7E00FA1D96 /* PBXContainerItemProxy */ = {
			isa = PBXContainerItemProxy;
			containerPortal = DF16730621822E7E00FA1D96 /* SwiftyJSON.xcodeproj */;
			proxyType = 2;
			remoteGlobalIDString = 7236B4F61BAC14150020529B;
			remoteInfo = "SwiftyJSON tvOS";
		};
		DF16731D21822E7E00FA1D96 /* PBXContainerItemProxy */ = {
			isa = PBXContainerItemProxy;
			containerPortal = DF16730621822E7E00FA1D96 /* SwiftyJSON.xcodeproj */;
			proxyType = 2;
			remoteGlobalIDString = A8580F741BCF5C5B00DA927B;
			remoteInfo = "SwiftyJSON tvOS Tests";
		};
		DF16732B21822E8600FA1D96 /* PBXContainerItemProxy */ = {
			isa = PBXContainerItemProxy;
			containerPortal = DF16731F21822E8600FA1D96 /* AlamofireImage.xcodeproj */;
			proxyType = 2;
			remoteGlobalIDString = 4C9043771AABBFC5001B4E60;
			remoteInfo = "AlamofireImage iOS";
		};
		DF16732D21822E8600FA1D96 /* PBXContainerItemProxy */ = {
			isa = PBXContainerItemProxy;
			containerPortal = DF16731F21822E8600FA1D96 /* AlamofireImage.xcodeproj */;
			proxyType = 2;
			remoteGlobalIDString = 4C9043821AABBFC5001B4E60;
			remoteInfo = "AlamofireImage iOS Tests";
		};
		DF16732F21822E8600FA1D96 /* PBXContainerItemProxy */ = {
			isa = PBXContainerItemProxy;
			containerPortal = DF16731F21822E8600FA1D96 /* AlamofireImage.xcodeproj */;
			proxyType = 2;
			remoteGlobalIDString = 4CE611321AABC24E00D35044;
			remoteInfo = "AlamofireImage macOS";
		};
		DF16733121822E8600FA1D96 /* PBXContainerItemProxy */ = {
			isa = PBXContainerItemProxy;
			containerPortal = DF16731F21822E8600FA1D96 /* AlamofireImage.xcodeproj */;
			proxyType = 2;
			remoteGlobalIDString = 4CE611471AABC5C900D35044;
			remoteInfo = "AlamofireImage macOS Tests";
		};
		DF16733321822E8600FA1D96 /* PBXContainerItemProxy */ = {
			isa = PBXContainerItemProxy;
			containerPortal = DF16731F21822E8600FA1D96 /* AlamofireImage.xcodeproj */;
			proxyType = 2;
			remoteGlobalIDString = 4C16B37D1BA9399500A66EF0;
			remoteInfo = "AlamofireImage tvOS";
		};
		DF16733521822E8600FA1D96 /* PBXContainerItemProxy */ = {
			isa = PBXContainerItemProxy;
			containerPortal = DF16731F21822E8600FA1D96 /* AlamofireImage.xcodeproj */;
			proxyType = 2;
			remoteGlobalIDString = 4C16B3861BA9399500A66EF0;
			remoteInfo = "AlamofireImage tvOS Tests";
		};
		DF16733721822E8600FA1D96 /* PBXContainerItemProxy */ = {
			isa = PBXContainerItemProxy;
			containerPortal = DF16731F21822E8600FA1D96 /* AlamofireImage.xcodeproj */;
			proxyType = 2;
			remoteGlobalIDString = 4C4D4EC11B92976900C96855;
			remoteInfo = "AlamofireImage watchOS";
		};
		DF16733921822E8600FA1D96 /* PBXContainerItemProxy */ = {
			isa = PBXContainerItemProxy;
			containerPortal = DF16731F21822E8600FA1D96 /* AlamofireImage.xcodeproj */;
			proxyType = 2;
			remoteGlobalIDString = 4C11830B2150517E007A8298;
			remoteInfo = "iOS Example";
		};
		DF16733D21822ECF00FA1D96 /* PBXContainerItemProxy */ = {
			isa = PBXContainerItemProxy;
			containerPortal = DF16731F21822E8600FA1D96 /* AlamofireImage.xcodeproj */;
			proxyType = 1;
			remoteGlobalIDString = 4C9043761AABBFC5001B4E60;
			remoteInfo = "AlamofireImage iOS";
		};
		DF16734121822ED700FA1D96 /* PBXContainerItemProxy */ = {
			isa = PBXContainerItemProxy;
			containerPortal = DF16730621822E7E00FA1D96 /* SwiftyJSON.xcodeproj */;
			proxyType = 1;
			remoteGlobalIDString = 2E4FEFDA19575BE100351305;
			remoteInfo = "SwiftyJSON iOS";
		};
		DF16734521822EE200FA1D96 /* PBXContainerItemProxy */ = {
			isa = PBXContainerItemProxy;
			containerPortal = DF1672ED21822E7400FA1D96 /* Alamofire.xcodeproj */;
			proxyType = 1;
			remoteGlobalIDString = F8111E3219A95C8B0040E7D1;
			remoteInfo = "Alamofire iOS";
		};
/* End PBXContainerItemProxy section */

/* Begin PBXCopyFilesBuildPhase section */
		E3896A55218190F100E22752 /* Embed Frameworks */ = {
			isa = PBXCopyFilesBuildPhase;
			buildActionMask = 2147483647;
			dstPath = "";
			dstSubfolderSpec = 10;
			files = (
				DF16734021822ED700FA1D96 /* SwiftyJSON.framework in Embed Frameworks */,
				DF16734421822EE200FA1D96 /* Alamofire.framework in Embed Frameworks */,
				DF16733C21822ECF00FA1D96 /* AlamofireImage.framework in Embed Frameworks */,
			);
			name = "Embed Frameworks";
			runOnlyForDeploymentPostprocessing = 0;
		};
/* End PBXCopyFilesBuildPhase section */

/* Begin PBXFileReference section */
		7F0BEAFD219E49DF001FE933 /* CoachesViewController.swift */ = {isa = PBXFileReference; lastKnownFileType = sourcecode.swift; path = CoachesViewController.swift; sourceTree = "<group>"; };
		7F0BEAFF219E49FF001FE933 /* PublicationsViewController.swift */ = {isa = PBXFileReference; lastKnownFileType = sourcecode.swift; path = PublicationsViewController.swift; sourceTree = "<group>"; };
		7F0BEB01219E4C2D001FE933 /* MasterSearchViewController.swift */ = {isa = PBXFileReference; lastKnownFileType = sourcecode.swift; path = MasterSearchViewController.swift; sourceTree = "<group>"; };
		7F29D50F21701F1D0092530F /* LeaCouch.app */ = {isa = PBXFileReference; explicitFileType = wrapper.application; includeInIndex = 0; path = LeaCouch.app; sourceTree = BUILT_PRODUCTS_DIR; };
		7F29D51221701F1D0092530F /* AppDelegate.swift */ = {isa = PBXFileReference; lastKnownFileType = sourcecode.swift; path = AppDelegate.swift; sourceTree = "<group>"; };
		7F29D51421701F1D0092530F /* ViewController.swift */ = {isa = PBXFileReference; lastKnownFileType = sourcecode.swift; path = ViewController.swift; sourceTree = "<group>"; };
		7F29D51721701F1D0092530F /* Base */ = {isa = PBXFileReference; lastKnownFileType = file.storyboard; name = Base; path = Base.lproj/Main.storyboard; sourceTree = "<group>"; };
		7F29D51921701F200092530F /* Assets.xcassets */ = {isa = PBXFileReference; lastKnownFileType = folder.assetcatalog; path = Assets.xcassets; sourceTree = "<group>"; };
		7F29D51C21701F200092530F /* Base */ = {isa = PBXFileReference; lastKnownFileType = file.storyboard; name = Base; path = Base.lproj/LaunchScreen.storyboard; sourceTree = "<group>"; };
		7F29D51E21701F200092530F /* Info.plist */ = {isa = PBXFileReference; lastKnownFileType = text.plist.xml; path = Info.plist; sourceTree = "<group>"; };
		7F29D52321701F200092530F /* LeaCouchTests.xctest */ = {isa = PBXFileReference; explicitFileType = wrapper.cfbundle; includeInIndex = 0; path = LeaCouchTests.xctest; sourceTree = BUILT_PRODUCTS_DIR; };
		7F29D52721701F200092530F /* LeaCouchTests.swift */ = {isa = PBXFileReference; lastKnownFileType = sourcecode.swift; path = LeaCouchTests.swift; sourceTree = "<group>"; };
		7F29D52921701F200092530F /* Info.plist */ = {isa = PBXFileReference; lastKnownFileType = text.plist.xml; path = Info.plist; sourceTree = "<group>"; };
		7F29D52E21701F200092530F /* LeaCouchUITests.xctest */ = {isa = PBXFileReference; explicitFileType = wrapper.cfbundle; includeInIndex = 0; path = LeaCouchUITests.xctest; sourceTree = BUILT_PRODUCTS_DIR; };
		7F29D53221701F200092530F /* LeaCouchUITests.swift */ = {isa = PBXFileReference; lastKnownFileType = sourcecode.swift; path = LeaCouchUITests.swift; sourceTree = "<group>"; };
		7F29D53421701F200092530F /* Info.plist */ = {isa = PBXFileReference; lastKnownFileType = text.plist.xml; path = Info.plist; sourceTree = "<group>"; };
		7F29D54021703CA10092530F /* RegisterPageViewController.swift */ = {isa = PBXFileReference; lastKnownFileType = sourcecode.swift; path = RegisterPageViewController.swift; sourceTree = "<group>"; };
		7F29D542217050550092530F /* LoginPageViewController.swift */ = {isa = PBXFileReference; lastKnownFileType = sourcecode.swift; path = LoginPageViewController.swift; sourceTree = "<group>"; };
		7F316DB2219F65D3001D71D2 /* SearchCoachViewController.swift */ = {isa = PBXFileReference; lastKnownFileType = sourcecode.swift; path = SearchCoachViewController.swift; sourceTree = "<group>"; };
		7F316DCA219F675E001D71D2 /* CoachTableViewCell.swift */ = {isa = PBXFileReference; lastKnownFileType = sourcecode.swift; path = CoachTableViewCell.swift; sourceTree = "<group>"; };
		7F316DCC219F8F35001D71D2 /* SearchPublicationsViewController.swift */ = {isa = PBXFileReference; lastKnownFileType = sourcecode.swift; path = SearchPublicationsViewController.swift; sourceTree = "<group>"; };
		7F316DCE219F9D3E001D71D2 /* PublicationsTableViewCell.swift */ = {isa = PBXFileReference; lastKnownFileType = sourcecode.swift; path = PublicationsTableViewCell.swift; sourceTree = "<group>"; };
		7F316DD0219FAF7F001D71D2 /* AboutPublicationViewController.swift */ = {isa = PBXFileReference; lastKnownFileType = sourcecode.swift; path = AboutPublicationViewController.swift; sourceTree = "<group>"; };
		7FED3CCB219492DE00E19320 /* HomePrueba.swift */ = {isa = PBXFileReference; lastKnownFileType = sourcecode.swift; path = HomePrueba.swift; sourceTree = "<group>"; };
		DF1672ED21822E7400FA1D96 /* Alamofire.xcodeproj */ = {isa = PBXFileReference; lastKnownFileType = "wrapper.pb-project"; name = Alamofire.xcodeproj; path = Alamofire/Alamofire.xcodeproj; sourceTree = "<group>"; };
		DF16730621822E7E00FA1D96 /* SwiftyJSON.xcodeproj */ = {isa = PBXFileReference; lastKnownFileType = "wrapper.pb-project"; name = SwiftyJSON.xcodeproj; path = SwiftyJSON/SwiftyJSON.xcodeproj; sourceTree = "<group>"; };
		DF16731F21822E8600FA1D96 /* AlamofireImage.xcodeproj */ = {isa = PBXFileReference; lastKnownFileType = "wrapper.pb-project"; name = AlamofireImage.xcodeproj; path = AlamofireImage/AlamofireImage.xcodeproj; sourceTree = "<group>"; };
		E3896A5F21819A8900E22752 /* NewApiTutor.swift */ = {isa = PBXFileReference; lastKnownFileType = sourcecode.swift; path = NewApiTutor.swift; sourceTree = "<group>"; };
		E3896A6121819EA000E22752 /* Tutor.swift */ = {isa = PBXFileReference; lastKnownFileType = sourcecode.swift; path = Tutor.swift; sourceTree = "<group>"; };
		E3F270B721944C140041ED6C /* Publication.swift */ = {isa = PBXFileReference; lastKnownFileType = sourcecode.swift; path = Publication.swift; sourceTree = "<group>"; };
		E3F270CF21944C2B0041ED6C /* Career.swift */ = {isa = PBXFileReference; lastKnownFileType = sourcecode.swift; path = Career.swift; sourceTree = "<group>"; };
		E3F270D121944C3A0041ED6C /* Course.swift */ = {isa = PBXFileReference; lastKnownFileType = sourcecode.swift; path = Course.swift; sourceTree = "<group>"; };
		E3F270D321944C4B0041ED6C /* Favorite.swift */ = {isa = PBXFileReference; lastKnownFileType = sourcecode.swift; path = Favorite.swift; sourceTree = "<group>"; };
		E3F270D521944C650041ED6C /* Comment.swift */ = {isa = PBXFileReference; lastKnownFileType = sourcecode.swift; path = Comment.swift; sourceTree = "<group>"; };
		E3F270D721944C740041ED6C /* User.swift */ = {isa = PBXFileReference; lastKnownFileType = sourcecode.swift; path = User.swift; sourceTree = "<group>"; };
		E3F270D921944C880041ED6C /* Type.swift */ = {isa = PBXFileReference; lastKnownFileType = sourcecode.swift; path = Type.swift; sourceTree = "<group>"; };
		E3F270DB219453280041ED6C /* HomeViewController.swift */ = {isa = PBXFileReference; lastKnownFileType = sourcecode.swift; path = HomeViewController.swift; sourceTree = "<group>"; };
/* End PBXFileReference section */

/* Begin PBXFrameworksBuildPhase section */
		7F29D50C21701F1D0092530F /* Frameworks */ = {
			isa = PBXFrameworksBuildPhase;
			buildActionMask = 2147483647;
			files = (
				DF16733F21822ED700FA1D96 /* SwiftyJSON.framework in Frameworks */,
				DF16734321822EE200FA1D96 /* Alamofire.framework in Frameworks */,
				DF16733B21822ECF00FA1D96 /* AlamofireImage.framework in Frameworks */,
			);
			runOnlyForDeploymentPostprocessing = 0;
		};
		7F29D52021701F200092530F /* Frameworks */ = {
			isa = PBXFrameworksBuildPhase;
			buildActionMask = 2147483647;
			files = (
			);
			runOnlyForDeploymentPostprocessing = 0;
		};
		7F29D52B21701F200092530F /* Frameworks */ = {
			isa = PBXFrameworksBuildPhase;
			buildActionMask = 2147483647;
			files = (
			);
			runOnlyForDeploymentPostprocessing = 0;
		};
/* End PBXFrameworksBuildPhase section */

/* Begin PBXGroup section */
		7F29D50621701F1D0092530F = {
			isa = PBXGroup;
			children = (
				DF16731F21822E8600FA1D96 /* AlamofireImage.xcodeproj */,
				DF16730621822E7E00FA1D96 /* SwiftyJSON.xcodeproj */,
				DF1672ED21822E7400FA1D96 /* Alamofire.xcodeproj */,
				7F29D51121701F1D0092530F /* LeaCouch */,
				7F29D52621701F200092530F /* LeaCouchTests */,
				7F29D53121701F200092530F /* LeaCouchUITests */,
				7F29D51021701F1D0092530F /* Products */,
			);
			sourceTree = "<group>";
		};
		7F29D51021701F1D0092530F /* Products */ = {
			isa = PBXGroup;
			children = (
				7F29D50F21701F1D0092530F /* LeaCouch.app */,
				7F29D52321701F200092530F /* LeaCouchTests.xctest */,
				7F29D52E21701F200092530F /* LeaCouchUITests.xctest */,
			);
			name = Products;
			sourceTree = "<group>";
		};
		7F29D51121701F1D0092530F /* LeaCouch */ = {
			isa = PBXGroup;
			children = (
				E3896A5A218191C000E22752 /* ViewController */,
				E3896A59218191B200E22752 /* Resource */,
				E3896A58218191A500E22752 /* Network */,
				E3896A572181919900E22752 /* Model */,
				E3896A562181919000E22752 /* Main */,
				7F29D51E21701F200092530F /* Info.plist */,
			);
			path = LeaCouch;
			sourceTree = "<group>";
		};
		7F29D52621701F200092530F /* LeaCouchTests */ = {
			isa = PBXGroup;
			children = (
				7F29D52721701F200092530F /* LeaCouchTests.swift */,
				7F29D52921701F200092530F /* Info.plist */,
			);
			path = LeaCouchTests;
			sourceTree = "<group>";
		};
		7F29D53121701F200092530F /* LeaCouchUITests */ = {
			isa = PBXGroup;
			children = (
				7F29D53221701F200092530F /* LeaCouchUITests.swift */,
				7F29D53421701F200092530F /* Info.plist */,
			);
			path = LeaCouchUITests;
			sourceTree = "<group>";
		};
		DF1672EE21822E7400FA1D96 /* Products */ = {
			isa = PBXGroup;
			children = (
				DF1672F921822E7500FA1D96 /* Alamofire.framework */,
				DF1672FB21822E7500FA1D96 /* Alamofire iOS Tests.xctest */,
				DF1672FD21822E7500FA1D96 /* Alamofire.framework */,
				DF1672FF21822E7500FA1D96 /* Alamofire macOS Tests.xctest */,
				DF16730121822E7500FA1D96 /* Alamofire.framework */,
				DF16730321822E7500FA1D96 /* Alamofire tvOS Tests.xctest */,
				DF16730521822E7500FA1D96 /* Alamofire.framework */,
			);
			name = Products;
			sourceTree = "<group>";
		};
		DF16730721822E7E00FA1D96 /* Products */ = {
			isa = PBXGroup;
			children = (
				DF16731221822E7E00FA1D96 /* SwiftyJSON.framework */,
				DF16731421822E7E00FA1D96 /* SwiftyJSON iOS Tests.xctest */,
				DF16731621822E7E00FA1D96 /* SwiftyJSON.framework */,
				DF16731821822E7E00FA1D96 /* SwiftyJSON macOS Tests.xctest */,
				DF16731A21822E7E00FA1D96 /* SwiftyJSON.framework */,
				DF16731C21822E7E00FA1D96 /* SwiftyJSON.framework */,
				DF16731E21822E7E00FA1D96 /* SwiftyJSON tvOS Tests.xctest */,
			);
			name = Products;
			sourceTree = "<group>";
		};
		DF16732021822E8600FA1D96 /* Products */ = {
			isa = PBXGroup;
			children = (
				DF16732C21822E8600FA1D96 /* AlamofireImage.framework */,
				DF16732E21822E8600FA1D96 /* AlamofireImage iOS Tests.xctest */,
				DF16733021822E8600FA1D96 /* AlamofireImage.framework */,
				DF16733221822E8600FA1D96 /* AlamofireImage macOS Tests.xctest */,
				DF16733421822E8600FA1D96 /* AlamofireImage.framework */,
				DF16733621822E8600FA1D96 /* AlamofireImage tvOS Tests.xctest */,
				DF16733821822E8600FA1D96 /* AlamofireImage.framework */,
				DF16733A21822E8600FA1D96 /* iOS Example.app */,
			);
			name = Products;
			sourceTree = "<group>";
		};
		E3896A562181919000E22752 /* Main */ = {
			isa = PBXGroup;
			children = (
				7F29D51221701F1D0092530F /* AppDelegate.swift */,
			);
			path = Main;
			sourceTree = "<group>";
		};
		E3896A572181919900E22752 /* Model */ = {
			isa = PBXGroup;
			children = (
				E3896A6121819EA000E22752 /* Tutor.swift */,
				E3F270B721944C140041ED6C /* Publication.swift */,
				E3F270CF21944C2B0041ED6C /* Career.swift */,
				E3F270D121944C3A0041ED6C /* Course.swift */,
				E3F270D321944C4B0041ED6C /* Favorite.swift */,
				E3F270D521944C650041ED6C /* Comment.swift */,
				E3F270D721944C740041ED6C /* User.swift */,
				E3F270D921944C880041ED6C /* Type.swift */,
				7FED3CCB219492DE00E19320 /* HomePrueba.swift */,
			);
			path = Model;
			sourceTree = "<group>";
		};
		E3896A58218191A500E22752 /* Network */ = {
			isa = PBXGroup;
			children = (
				E3896A5F21819A8900E22752 /* NewApiTutor.swift */,
			);
			path = Network;
			sourceTree = "<group>";
		};
		E3896A59218191B200E22752 /* Resource */ = {
			isa = PBXGroup;
			children = (
				7F29D51621701F1D0092530F /* Main.storyboard */,
				7F29D51921701F200092530F /* Assets.xcassets */,
				7F29D51B21701F200092530F /* LaunchScreen.storyboard */,
			);
			path = Resource;
			sourceTree = "<group>";
		};
		E3896A5A218191C000E22752 /* ViewController */ = {
			isa = PBXGroup;
			children = (
				7F29D51421701F1D0092530F /* ViewController.swift */,
				7F29D54021703CA10092530F /* RegisterPageViewController.swift */,
				7F29D542217050550092530F /* LoginPageViewController.swift */,
				E3F270DB219453280041ED6C /* HomeViewController.swift */,
				7F0BEAFD219E49DF001FE933 /* CoachesViewController.swift */,
				7F0BEAFF219E49FF001FE933 /* PublicationsViewController.swift */,
				7F0BEB01219E4C2D001FE933 /* MasterSearchViewController.swift */,
				7F316DB2219F65D3001D71D2 /* SearchCoachViewController.swift */,
				7F316DCA219F675E001D71D2 /* CoachTableViewCell.swift */,
				7F316DCC219F8F35001D71D2 /* SearchPublicationsViewController.swift */,
				7F316DCE219F9D3E001D71D2 /* PublicationsTableViewCell.swift */,
				7F316DD0219FAF7F001D71D2 /* AboutPublicationViewController.swift */,
			);
			path = ViewController;
			sourceTree = "<group>";
		};
/* End PBXGroup section */

/* Begin PBXNativeTarget section */
		7F29D50E21701F1D0092530F /* LeaCouch */ = {
			isa = PBXNativeTarget;
			buildConfigurationList = 7F29D53721701F200092530F /* Build configuration list for PBXNativeTarget "LeaCouch" */;
			buildPhases = (
				7F29D50B21701F1D0092530F /* Sources */,
				7F29D50C21701F1D0092530F /* Frameworks */,
				7F29D50D21701F1D0092530F /* Resources */,
				E3896A55218190F100E22752 /* Embed Frameworks */,
			);
			buildRules = (
			);
			dependencies = (
				DF16733E21822ECF00FA1D96 /* PBXTargetDependency */,
				DF16734221822ED700FA1D96 /* PBXTargetDependency */,
				DF16734621822EE200FA1D96 /* PBXTargetDependency */,
			);
			name = LeaCouch;
			productName = LeaCouch;
			productReference = 7F29D50F21701F1D0092530F /* LeaCouch.app */;
			productType = "com.apple.product-type.application";
		};
		7F29D52221701F200092530F /* LeaCouchTests */ = {
			isa = PBXNativeTarget;
			buildConfigurationList = 7F29D53A21701F200092530F /* Build configuration list for PBXNativeTarget "LeaCouchTests" */;
			buildPhases = (
				7F29D51F21701F200092530F /* Sources */,
				7F29D52021701F200092530F /* Frameworks */,
				7F29D52121701F200092530F /* Resources */,
			);
			buildRules = (
			);
			dependencies = (
				7F29D52521701F200092530F /* PBXTargetDependency */,
			);
			name = LeaCouchTests;
			productName = LeaCouchTests;
			productReference = 7F29D52321701F200092530F /* LeaCouchTests.xctest */;
			productType = "com.apple.product-type.bundle.unit-test";
		};
		7F29D52D21701F200092530F /* LeaCouchUITests */ = {
			isa = PBXNativeTarget;
			buildConfigurationList = 7F29D53D21701F200092530F /* Build configuration list for PBXNativeTarget "LeaCouchUITests" */;
			buildPhases = (
				7F29D52A21701F200092530F /* Sources */,
				7F29D52B21701F200092530F /* Frameworks */,
				7F29D52C21701F200092530F /* Resources */,
			);
			buildRules = (
			);
			dependencies = (
				7F29D53021701F200092530F /* PBXTargetDependency */,
			);
			name = LeaCouchUITests;
			productName = LeaCouchUITests;
			productReference = 7F29D52E21701F200092530F /* LeaCouchUITests.xctest */;
			productType = "com.apple.product-type.bundle.ui-testing";
		};
/* End PBXNativeTarget section */

/* Begin PBXProject section */
		7F29D50721701F1D0092530F /* Project object */ = {
			isa = PBXProject;
			attributes = {
				LastSwiftUpdateCheck = 1000;
				LastUpgradeCheck = 1000;
				ORGANIZATIONNAME = KIVA;
				TargetAttributes = {
					7F29D50E21701F1D0092530F = {
						CreatedOnToolsVersion = 10.0;
					};
					7F29D52221701F200092530F = {
						CreatedOnToolsVersion = 10.0;
						TestTargetID = 7F29D50E21701F1D0092530F;
					};
					7F29D52D21701F200092530F = {
						CreatedOnToolsVersion = 10.0;
						TestTargetID = 7F29D50E21701F1D0092530F;
					};
				};
			};
			buildConfigurationList = 7F29D50A21701F1D0092530F /* Build configuration list for PBXProject "LeaCouch" */;
			compatibilityVersion = "Xcode 9.3";
			developmentRegion = en;
			hasScannedForEncodings = 0;
			knownRegions = (
				en,
				Base,
			);
			mainGroup = 7F29D50621701F1D0092530F;
			productRefGroup = 7F29D51021701F1D0092530F /* Products */;
			projectDirPath = "";
			projectReferences = (
				{
					ProductGroup = DF1672EE21822E7400FA1D96 /* Products */;
					ProjectRef = DF1672ED21822E7400FA1D96 /* Alamofire.xcodeproj */;
				},
				{
					ProductGroup = DF16732021822E8600FA1D96 /* Products */;
					ProjectRef = DF16731F21822E8600FA1D96 /* AlamofireImage.xcodeproj */;
				},
				{
					ProductGroup = DF16730721822E7E00FA1D96 /* Products */;
					ProjectRef = DF16730621822E7E00FA1D96 /* SwiftyJSON.xcodeproj */;
				},
			);
			projectRoot = "";
			targets = (
				7F29D50E21701F1D0092530F /* LeaCouch */,
				7F29D52221701F200092530F /* LeaCouchTests */,
				7F29D52D21701F200092530F /* LeaCouchUITests */,
			);
		};
/* End PBXProject section */

/* Begin PBXReferenceProxy section */
		DF1672F921822E7500FA1D96 /* Alamofire.framework */ = {
			isa = PBXReferenceProxy;
			fileType = wrapper.framework;
			path = Alamofire.framework;
			remoteRef = DF1672F821822E7500FA1D96 /* PBXContainerItemProxy */;
			sourceTree = BUILT_PRODUCTS_DIR;
		};
		DF1672FB21822E7500FA1D96 /* Alamofire iOS Tests.xctest */ = {
			isa = PBXReferenceProxy;
			fileType = wrapper.cfbundle;
			path = "Alamofire iOS Tests.xctest";
			remoteRef = DF1672FA21822E7500FA1D96 /* PBXContainerItemProxy */;
			sourceTree = BUILT_PRODUCTS_DIR;
		};
		DF1672FD21822E7500FA1D96 /* Alamofire.framework */ = {
			isa = PBXReferenceProxy;
			fileType = wrapper.framework;
			path = Alamofire.framework;
			remoteRef = DF1672FC21822E7500FA1D96 /* PBXContainerItemProxy */;
			sourceTree = BUILT_PRODUCTS_DIR;
		};
		DF1672FF21822E7500FA1D96 /* Alamofire macOS Tests.xctest */ = {
			isa = PBXReferenceProxy;
			fileType = wrapper.cfbundle;
			path = "Alamofire macOS Tests.xctest";
			remoteRef = DF1672FE21822E7500FA1D96 /* PBXContainerItemProxy */;
			sourceTree = BUILT_PRODUCTS_DIR;
		};
		DF16730121822E7500FA1D96 /* Alamofire.framework */ = {
			isa = PBXReferenceProxy;
			fileType = wrapper.framework;
			path = Alamofire.framework;
			remoteRef = DF16730021822E7500FA1D96 /* PBXContainerItemProxy */;
			sourceTree = BUILT_PRODUCTS_DIR;
		};
		DF16730321822E7500FA1D96 /* Alamofire tvOS Tests.xctest */ = {
			isa = PBXReferenceProxy;
			fileType = wrapper.cfbundle;
			path = "Alamofire tvOS Tests.xctest";
			remoteRef = DF16730221822E7500FA1D96 /* PBXContainerItemProxy */;
			sourceTree = BUILT_PRODUCTS_DIR;
		};
		DF16730521822E7500FA1D96 /* Alamofire.framework */ = {
			isa = PBXReferenceProxy;
			fileType = wrapper.framework;
			path = Alamofire.framework;
			remoteRef = DF16730421822E7500FA1D96 /* PBXContainerItemProxy */;
			sourceTree = BUILT_PRODUCTS_DIR;
		};
		DF16731221822E7E00FA1D96 /* SwiftyJSON.framework */ = {
			isa = PBXReferenceProxy;
			fileType = wrapper.framework;
			path = SwiftyJSON.framework;
			remoteRef = DF16731121822E7E00FA1D96 /* PBXContainerItemProxy */;
			sourceTree = BUILT_PRODUCTS_DIR;
		};
		DF16731421822E7E00FA1D96 /* SwiftyJSON iOS Tests.xctest */ = {
			isa = PBXReferenceProxy;
			fileType = wrapper.cfbundle;
			path = "SwiftyJSON iOS Tests.xctest";
			remoteRef = DF16731321822E7E00FA1D96 /* PBXContainerItemProxy */;
			sourceTree = BUILT_PRODUCTS_DIR;
		};
		DF16731621822E7E00FA1D96 /* SwiftyJSON.framework */ = {
			isa = PBXReferenceProxy;
			fileType = wrapper.framework;
			path = SwiftyJSON.framework;
			remoteRef = DF16731521822E7E00FA1D96 /* PBXContainerItemProxy */;
			sourceTree = BUILT_PRODUCTS_DIR;
		};
		DF16731821822E7E00FA1D96 /* SwiftyJSON macOS Tests.xctest */ = {
			isa = PBXReferenceProxy;
			fileType = wrapper.cfbundle;
			path = "SwiftyJSON macOS Tests.xctest";
			remoteRef = DF16731721822E7E00FA1D96 /* PBXContainerItemProxy */;
			sourceTree = BUILT_PRODUCTS_DIR;
		};
		DF16731A21822E7E00FA1D96 /* SwiftyJSON.framework */ = {
			isa = PBXReferenceProxy;
			fileType = wrapper.framework;
			path = SwiftyJSON.framework;
			remoteRef = DF16731921822E7E00FA1D96 /* PBXContainerItemProxy */;
			sourceTree = BUILT_PRODUCTS_DIR;
		};
		DF16731C21822E7E00FA1D96 /* SwiftyJSON.framework */ = {
			isa = PBXReferenceProxy;
			fileType = wrapper.framework;
			path = SwiftyJSON.framework;
			remoteRef = DF16731B21822E7E00FA1D96 /* PBXContainerItemProxy */;
			sourceTree = BUILT_PRODUCTS_DIR;
		};
		DF16731E21822E7E00FA1D96 /* SwiftyJSON tvOS Tests.xctest */ = {
			isa = PBXReferenceProxy;
			fileType = wrapper.cfbundle;
			path = "SwiftyJSON tvOS Tests.xctest";
			remoteRef = DF16731D21822E7E00FA1D96 /* PBXContainerItemProxy */;
			sourceTree = BUILT_PRODUCTS_DIR;
		};
		DF16732C21822E8600FA1D96 /* AlamofireImage.framework */ = {
			isa = PBXReferenceProxy;
			fileType = wrapper.framework;
			path = AlamofireImage.framework;
			remoteRef = DF16732B21822E8600FA1D96 /* PBXContainerItemProxy */;
			sourceTree = BUILT_PRODUCTS_DIR;
		};
		DF16732E21822E8600FA1D96 /* AlamofireImage iOS Tests.xctest */ = {
			isa = PBXReferenceProxy;
			fileType = wrapper.cfbundle;
			path = "AlamofireImage iOS Tests.xctest";
			remoteRef = DF16732D21822E8600FA1D96 /* PBXContainerItemProxy */;
			sourceTree = BUILT_PRODUCTS_DIR;
		};
		DF16733021822E8600FA1D96 /* AlamofireImage.framework */ = {
			isa = PBXReferenceProxy;
			fileType = wrapper.framework;
			path = AlamofireImage.framework;
			remoteRef = DF16732F21822E8600FA1D96 /* PBXContainerItemProxy */;
			sourceTree = BUILT_PRODUCTS_DIR;
		};
		DF16733221822E8600FA1D96 /* AlamofireImage macOS Tests.xctest */ = {
			isa = PBXReferenceProxy;
			fileType = wrapper.cfbundle;
			path = "AlamofireImage macOS Tests.xctest";
			remoteRef = DF16733121822E8600FA1D96 /* PBXContainerItemProxy */;
			sourceTree = BUILT_PRODUCTS_DIR;
		};
		DF16733421822E8600FA1D96 /* AlamofireImage.framework */ = {
			isa = PBXReferenceProxy;
			fileType = wrapper.framework;
			path = AlamofireImage.framework;
			remoteRef = DF16733321822E8600FA1D96 /* PBXContainerItemProxy */;
			sourceTree = BUILT_PRODUCTS_DIR;
		};
		DF16733621822E8600FA1D96 /* AlamofireImage tvOS Tests.xctest */ = {
			isa = PBXReferenceProxy;
			fileType = wrapper.cfbundle;
			path = "AlamofireImage tvOS Tests.xctest";
			remoteRef = DF16733521822E8600FA1D96 /* PBXContainerItemProxy */;
			sourceTree = BUILT_PRODUCTS_DIR;
		};
		DF16733821822E8600FA1D96 /* AlamofireImage.framework */ = {
			isa = PBXReferenceProxy;
			fileType = wrapper.framework;
			path = AlamofireImage.framework;
			remoteRef = DF16733721822E8600FA1D96 /* PBXContainerItemProxy */;
			sourceTree = BUILT_PRODUCTS_DIR;
		};
		DF16733A21822E8600FA1D96 /* iOS Example.app */ = {
			isa = PBXReferenceProxy;
			fileType = wrapper.application;
			path = "iOS Example.app";
			remoteRef = DF16733921822E8600FA1D96 /* PBXContainerItemProxy */;
			sourceTree = BUILT_PRODUCTS_DIR;
		};
/* End PBXReferenceProxy section */

/* Begin PBXResourcesBuildPhase section */
		7F29D50D21701F1D0092530F /* Resources */ = {
			isa = PBXResourcesBuildPhase;
			buildActionMask = 2147483647;
			files = (
				7F29D51D21701F200092530F /* LaunchScreen.storyboard in Resources */,
				7F29D51A21701F200092530F /* Assets.xcassets in Resources */,
				7F29D51821701F1D0092530F /* Main.storyboard in Resources */,
			);
			runOnlyForDeploymentPostprocessing = 0;
		};
		7F29D52121701F200092530F /* Resources */ = {
			isa = PBXResourcesBuildPhase;
			buildActionMask = 2147483647;
			files = (
			);
			runOnlyForDeploymentPostprocessing = 0;
		};
		7F29D52C21701F200092530F /* Resources */ = {
			isa = PBXResourcesBuildPhase;
			buildActionMask = 2147483647;
			files = (
			);
			runOnlyForDeploymentPostprocessing = 0;
		};
/* End PBXResourcesBuildPhase section */

/* Begin PBXSourcesBuildPhase section */
		7F29D50B21701F1D0092530F /* Sources */ = {
			isa = PBXSourcesBuildPhase;
			buildActionMask = 2147483647;
			files = (
				E3F270D821944C740041ED6C /* User.swift in Sources */,
				E3896A6021819A8900E22752 /* NewApiTutor.swift in Sources */,
				7F316DCF219F9D3E001D71D2 /* PublicationsTableViewCell.swift in Sources */,
				7F0BEB00219E49FF001FE933 /* PublicationsViewController.swift in Sources */,
				E3F270D021944C2B0041ED6C /* Career.swift in Sources */,
				7FED3CCC219492DE00E19320 /* HomePrueba.swift in Sources */,
				E3F270D221944C3A0041ED6C /* Course.swift in Sources */,
				7F29D51521701F1D0092530F /* ViewController.swift in Sources */,
				E3F270DC219453280041ED6C /* HomeViewController.swift in Sources */,
				7F29D543217050550092530F /* LoginPageViewController.swift in Sources */,
				E3F270D421944C4B0041ED6C /* Favorite.swift in Sources */,
				E3F270D621944C650041ED6C /* Comment.swift in Sources */,
				7F29D51321701F1D0092530F /* AppDelegate.swift in Sources */,
				7F316DD1219FAF7F001D71D2 /* AboutPublicationViewController.swift in Sources */,
				7F316DCD219F8F35001D71D2 /* SearchPublicationsViewController.swift in Sources */,
				7F316DCB219F675E001D71D2 /* CoachTableViewCell.swift in Sources */,
				7F0BEAFE219E49DF001FE933 /* CoachesViewController.swift in Sources */,
				E3896A6221819EA000E22752 /* Tutor.swift in Sources */,
				E3F270DA21944C880041ED6C /* Type.swift in Sources */,
				E3F270B821944C140041ED6C /* Publication.swift in Sources */,
				7F316DB3219F65D3001D71D2 /* SearchCoachViewController.swift in Sources */,
				7F0BEB02219E4C2D001FE933 /* MasterSearchViewController.swift in Sources */,
				7F29D54121703CA10092530F /* RegisterPageViewController.swift in Sources */,
			);
			runOnlyForDeploymentPostprocessing = 0;
		};
		7F29D51F21701F200092530F /* Sources */ = {
			isa = PBXSourcesBuildPhase;
			buildActionMask = 2147483647;
			files = (
				7F29D52821701F200092530F /* LeaCouchTests.swift in Sources */,
			);
			runOnlyForDeploymentPostprocessing = 0;
		};
		7F29D52A21701F200092530F /* Sources */ = {
			isa = PBXSourcesBuildPhase;
			buildActionMask = 2147483647;
			files = (
				7F29D53321701F200092530F /* LeaCouchUITests.swift in Sources */,
			);
			runOnlyForDeploymentPostprocessing = 0;
		};
/* End PBXSourcesBuildPhase section */

/* Begin PBXTargetDependency section */
		7F29D52521701F200092530F /* PBXTargetDependency */ = {
			isa = PBXTargetDependency;
			target = 7F29D50E21701F1D0092530F /* LeaCouch */;
			targetProxy = 7F29D52421701F200092530F /* PBXContainerItemProxy */;
		};
		7F29D53021701F200092530F /* PBXTargetDependency */ = {
			isa = PBXTargetDependency;
			target = 7F29D50E21701F1D0092530F /* LeaCouch */;
			targetProxy = 7F29D52F21701F200092530F /* PBXContainerItemProxy */;
		};
		DF16733E21822ECF00FA1D96 /* PBXTargetDependency */ = {
			isa = PBXTargetDependency;
			name = "AlamofireImage iOS";
			targetProxy = DF16733D21822ECF00FA1D96 /* PBXContainerItemProxy */;
		};
		DF16734221822ED700FA1D96 /* PBXTargetDependency */ = {
			isa = PBXTargetDependency;
			name = "SwiftyJSON iOS";
			targetProxy = DF16734121822ED700FA1D96 /* PBXContainerItemProxy */;
		};
		DF16734621822EE200FA1D96 /* PBXTargetDependency */ = {
			isa = PBXTargetDependency;
			name = "Alamofire iOS";
			targetProxy = DF16734521822EE200FA1D96 /* PBXContainerItemProxy */;
		};
/* End PBXTargetDependency section */

/* Begin PBXVariantGroup section */
		7F29D51621701F1D0092530F /* Main.storyboard */ = {
			isa = PBXVariantGroup;
			children = (
				7F29D51721701F1D0092530F /* Base */,
			);
			name = Main.storyboard;
			sourceTree = "<group>";
		};
		7F29D51B21701F200092530F /* LaunchScreen.storyboard */ = {
			isa = PBXVariantGroup;
			children = (
				7F29D51C21701F200092530F /* Base */,
			);
			name = LaunchScreen.storyboard;
			sourceTree = "<group>";
		};
/* End PBXVariantGroup section */

/* Begin XCBuildConfiguration section */
		7F29D53521701F200092530F /* Debug */ = {
			isa = XCBuildConfiguration;
			buildSettings = {
				ALWAYS_SEARCH_USER_PATHS = NO;
				CLANG_ANALYZER_NONNULL = YES;
				CLANG_ANALYZER_NUMBER_OBJECT_CONVERSION = YES_AGGRESSIVE;
				CLANG_CXX_LANGUAGE_STANDARD = "gnu++14";
				CLANG_CXX_LIBRARY = "libc++";
				CLANG_ENABLE_MODULES = YES;
				CLANG_ENABLE_OBJC_ARC = YES;
				CLANG_ENABLE_OBJC_WEAK = YES;
				CLANG_WARN_BLOCK_CAPTURE_AUTORELEASING = YES;
				CLANG_WARN_BOOL_CONVERSION = YES;
				CLANG_WARN_COMMA = YES;
				CLANG_WARN_CONSTANT_CONVERSION = YES;
				CLANG_WARN_DEPRECATED_OBJC_IMPLEMENTATIONS = YES;
				CLANG_WARN_DIRECT_OBJC_ISA_USAGE = YES_ERROR;
				CLANG_WARN_DOCUMENTATION_COMMENTS = YES;
				CLANG_WARN_EMPTY_BODY = YES;
				CLANG_WARN_ENUM_CONVERSION = YES;
				CLANG_WARN_INFINITE_RECURSION = YES;
				CLANG_WARN_INT_CONVERSION = YES;
				CLANG_WARN_NON_LITERAL_NULL_CONVERSION = YES;
				CLANG_WARN_OBJC_IMPLICIT_RETAIN_SELF = YES;
				CLANG_WARN_OBJC_LITERAL_CONVERSION = YES;
				CLANG_WARN_OBJC_ROOT_CLASS = YES_ERROR;
				CLANG_WARN_RANGE_LOOP_ANALYSIS = YES;
				CLANG_WARN_STRICT_PROTOTYPES = YES;
				CLANG_WARN_SUSPICIOUS_MOVE = YES;
				CLANG_WARN_UNGUARDED_AVAILABILITY = YES_AGGRESSIVE;
				CLANG_WARN_UNREACHABLE_CODE = YES;
				CLANG_WARN__DUPLICATE_METHOD_MATCH = YES;
				CODE_SIGN_IDENTITY = "iPhone Developer";
				COPY_PHASE_STRIP = NO;
				DEBUG_INFORMATION_FORMAT = dwarf;
				ENABLE_STRICT_OBJC_MSGSEND = YES;
				ENABLE_TESTABILITY = YES;
				GCC_C_LANGUAGE_STANDARD = gnu11;
				GCC_DYNAMIC_NO_PIC = NO;
				GCC_NO_COMMON_BLOCKS = YES;
				GCC_OPTIMIZATION_LEVEL = 0;
				GCC_PREPROCESSOR_DEFINITIONS = (
					"DEBUG=1",
					"$(inherited)",
				);
				GCC_WARN_64_TO_32_BIT_CONVERSION = YES;
				GCC_WARN_ABOUT_RETURN_TYPE = YES_ERROR;
				GCC_WARN_UNDECLARED_SELECTOR = YES;
				GCC_WARN_UNINITIALIZED_AUTOS = YES_AGGRESSIVE;
				GCC_WARN_UNUSED_FUNCTION = YES;
				GCC_WARN_UNUSED_VARIABLE = YES;
				IPHONEOS_DEPLOYMENT_TARGET = 12.0;
				MTL_ENABLE_DEBUG_INFO = INCLUDE_SOURCE;
				MTL_FAST_MATH = YES;
				ONLY_ACTIVE_ARCH = YES;
				SDKROOT = iphoneos;
				SWIFT_ACTIVE_COMPILATION_CONDITIONS = DEBUG;
				SWIFT_OPTIMIZATION_LEVEL = "-Onone";
			};
			name = Debug;
		};
		7F29D53621701F200092530F /* Release */ = {
			isa = XCBuildConfiguration;
			buildSettings = {
				ALWAYS_SEARCH_USER_PATHS = NO;
				CLANG_ANALYZER_NONNULL = YES;
				CLANG_ANALYZER_NUMBER_OBJECT_CONVERSION = YES_AGGRESSIVE;
				CLANG_CXX_LANGUAGE_STANDARD = "gnu++14";
				CLANG_CXX_LIBRARY = "libc++";
				CLANG_ENABLE_MODULES = YES;
				CLANG_ENABLE_OBJC_ARC = YES;
				CLANG_ENABLE_OBJC_WEAK = YES;
				CLANG_WARN_BLOCK_CAPTURE_AUTORELEASING = YES;
				CLANG_WARN_BOOL_CONVERSION = YES;
				CLANG_WARN_COMMA = YES;
				CLANG_WARN_CONSTANT_CONVERSION = YES;
				CLANG_WARN_DEPRECATED_OBJC_IMPLEMENTATIONS = YES;
				CLANG_WARN_DIRECT_OBJC_ISA_USAGE = YES_ERROR;
				CLANG_WARN_DOCUMENTATION_COMMENTS = YES;
				CLANG_WARN_EMPTY_BODY = YES;
				CLANG_WARN_ENUM_CONVERSION = YES;
				CLANG_WARN_INFINITE_RECURSION = YES;
				CLANG_WARN_INT_CONVERSION = YES;
				CLANG_WARN_NON_LITERAL_NULL_CONVERSION = YES;
				CLANG_WARN_OBJC_IMPLICIT_RETAIN_SELF = YES;
				CLANG_WARN_OBJC_LITERAL_CONVERSION = YES;
				CLANG_WARN_OBJC_ROOT_CLASS = YES_ERROR;
				CLANG_WARN_RANGE_LOOP_ANALYSIS = YES;
				CLANG_WARN_STRICT_PROTOTYPES = YES;
				CLANG_WARN_SUSPICIOUS_MOVE = YES;
				CLANG_WARN_UNGUARDED_AVAILABILITY = YES_AGGRESSIVE;
				CLANG_WARN_UNREACHABLE_CODE = YES;
				CLANG_WARN__DUPLICATE_METHOD_MATCH = YES;
				CODE_SIGN_IDENTITY = "iPhone Developer";
				COPY_PHASE_STRIP = NO;
				DEBUG_INFORMATION_FORMAT = "dwarf-with-dsym";
				ENABLE_NS_ASSERTIONS = NO;
				ENABLE_STRICT_OBJC_MSGSEND = YES;
				GCC_C_LANGUAGE_STANDARD = gnu11;
				GCC_NO_COMMON_BLOCKS = YES;
				GCC_WARN_64_TO_32_BIT_CONVERSION = YES;
				GCC_WARN_ABOUT_RETURN_TYPE = YES_ERROR;
				GCC_WARN_UNDECLARED_SELECTOR = YES;
				GCC_WARN_UNINITIALIZED_AUTOS = YES_AGGRESSIVE;
				GCC_WARN_UNUSED_FUNCTION = YES;
				GCC_WARN_UNUSED_VARIABLE = YES;
				IPHONEOS_DEPLOYMENT_TARGET = 12.0;
				MTL_ENABLE_DEBUG_INFO = NO;
				MTL_FAST_MATH = YES;
				SDKROOT = iphoneos;
				SWIFT_COMPILATION_MODE = wholemodule;
				SWIFT_OPTIMIZATION_LEVEL = "-O";
				VALIDATE_PRODUCT = YES;
			};
			name = Release;
		};
		7F29D53821701F200092530F /* Debug */ = {
			isa = XCBuildConfiguration;
			buildSettings = {
				ALWAYS_EMBED_SWIFT_STANDARD_LIBRARIES = YES;
				ASSETCATALOG_COMPILER_APPICON_NAME = AppIcon;
				CODE_SIGN_STYLE = Automatic;
				DEVELOPMENT_TEAM = LBQKN3WJ4J;
				INFOPLIST_FILE = LeaCouch/Info.plist;
				LD_RUNPATH_SEARCH_PATHS = (
					"$(inherited)",
					"@executable_path/Frameworks",
				);
				PRODUCT_BUNDLE_IDENTIFIER = kivacorp.LeaCouch;
				PRODUCT_NAME = "$(TARGET_NAME)";
				SWIFT_VERSION = 4.2;
				TARGETED_DEVICE_FAMILY = "1,2";
			};
			name = Debug;
		};
		7F29D53921701F200092530F /* Release */ = {
			isa = XCBuildConfiguration;
			buildSettings = {
				ALWAYS_EMBED_SWIFT_STANDARD_LIBRARIES = YES;
				ASSETCATALOG_COMPILER_APPICON_NAME = AppIcon;
				CODE_SIGN_STYLE = Automatic;
				DEVELOPMENT_TEAM = LBQKN3WJ4J;
				INFOPLIST_FILE = LeaCouch/Info.plist;
				LD_RUNPATH_SEARCH_PATHS = (
					"$(inherited)",
					"@executable_path/Frameworks",
				);
				PRODUCT_BUNDLE_IDENTIFIER = kivacorp.LeaCouch;
				PRODUCT_NAME = "$(TARGET_NAME)";
				SWIFT_VERSION = 4.2;
				TARGETED_DEVICE_FAMILY = "1,2";
			};
			name = Release;
		};
		7F29D53B21701F200092530F /* Debug */ = {
			isa = XCBuildConfiguration;
			buildSettings = {
				ALWAYS_EMBED_SWIFT_STANDARD_LIBRARIES = YES;
				BUNDLE_LOADER = "$(TEST_HOST)";
				CODE_SIGN_STYLE = Automatic;
				INFOPLIST_FILE = LeaCouchTests/Info.plist;
				LD_RUNPATH_SEARCH_PATHS = (
					"$(inherited)",
					"@executable_path/Frameworks",
					"@loader_path/Frameworks",
				);
				PRODUCT_BUNDLE_IDENTIFIER = pe.edu.upc.LeaCouchTests;
				PRODUCT_NAME = "$(TARGET_NAME)";
				SWIFT_VERSION = 4.2;
				TARGETED_DEVICE_FAMILY = "1,2";
				TEST_HOST = "$(BUILT_PRODUCTS_DIR)/LeaCouch.app/LeaCouch";
			};
			name = Debug;
		};
		7F29D53C21701F200092530F /* Release */ = {
			isa = XCBuildConfiguration;
			buildSettings = {
				ALWAYS_EMBED_SWIFT_STANDARD_LIBRARIES = YES;
				BUNDLE_LOADER = "$(TEST_HOST)";
				CODE_SIGN_STYLE = Automatic;
				INFOPLIST_FILE = LeaCouchTests/Info.plist;
				LD_RUNPATH_SEARCH_PATHS = (
					"$(inherited)",
					"@executable_path/Frameworks",
					"@loader_path/Frameworks",
				);
				PRODUCT_BUNDLE_IDENTIFIER = pe.edu.upc.LeaCouchTests;
				PRODUCT_NAME = "$(TARGET_NAME)";
				SWIFT_VERSION = 4.2;
				TARGETED_DEVICE_FAMILY = "1,2";
				TEST_HOST = "$(BUILT_PRODUCTS_DIR)/LeaCouch.app/LeaCouch";
			};
			name = Release;
		};
		7F29D53E21701F200092530F /* Debug */ = {
			isa = XCBuildConfiguration;
			buildSettings = {
				ALWAYS_EMBED_SWIFT_STANDARD_LIBRARIES = YES;
				CODE_SIGN_STYLE = Automatic;
				INFOPLIST_FILE = LeaCouchUITests/Info.plist;
				LD_RUNPATH_SEARCH_PATHS = (
					"$(inherited)",
					"@executable_path/Frameworks",
					"@loader_path/Frameworks",
				);
				PRODUCT_BUNDLE_IDENTIFIER = pe.edu.upc.LeaCouchUITests;
				PRODUCT_NAME = "$(TARGET_NAME)";
				SWIFT_VERSION = 4.2;
				TARGETED_DEVICE_FAMILY = "1,2";
				TEST_TARGET_NAME = LeaCouch;
			};
			name = Debug;
		};
		7F29D53F21701F200092530F /* Release */ = {
			isa = XCBuildConfiguration;
			buildSettings = {
				ALWAYS_EMBED_SWIFT_STANDARD_LIBRARIES = YES;
				CODE_SIGN_STYLE = Automatic;
				INFOPLIST_FILE = LeaCouchUITests/Info.plist;
				LD_RUNPATH_SEARCH_PATHS = (
					"$(inherited)",
					"@executable_path/Frameworks",
					"@loader_path/Frameworks",
				);
				PRODUCT_BUNDLE_IDENTIFIER = pe.edu.upc.LeaCouchUITests;
				PRODUCT_NAME = "$(TARGET_NAME)";
				SWIFT_VERSION = 4.2;
				TARGETED_DEVICE_FAMILY = "1,2";
				TEST_TARGET_NAME = LeaCouch;
			};
			name = Release;
		};
/* End XCBuildConfiguration section */

/* Begin XCConfigurationList section */
		7F29D50A21701F1D0092530F /* Build configuration list for PBXProject "LeaCouch" */ = {
			isa = XCConfigurationList;
			buildConfigurations = (
				7F29D53521701F200092530F /* Debug */,
				7F29D53621701F200092530F /* Release */,
			);
			defaultConfigurationIsVisible = 0;
			defaultConfigurationName = Release;
		};
		7F29D53721701F200092530F /* Build configuration list for PBXNativeTarget "LeaCouch" */ = {
			isa = XCConfigurationList;
			buildConfigurations = (
				7F29D53821701F200092530F /* Debug */,
				7F29D53921701F200092530F /* Release */,
			);
			defaultConfigurationIsVisible = 0;
			defaultConfigurationName = Release;
		};
		7F29D53A21701F200092530F /* Build configuration list for PBXNativeTarget "LeaCouchTests" */ = {
			isa = XCConfigurationList;
			buildConfigurations = (
				7F29D53B21701F200092530F /* Debug */,
				7F29D53C21701F200092530F /* Release */,
			);
			defaultConfigurationIsVisible = 0;
			defaultConfigurationName = Release;
		};
		7F29D53D21701F200092530F /* Build configuration list for PBXNativeTarget "LeaCouchUITests" */ = {
			isa = XCConfigurationList;
			buildConfigurations = (
				7F29D53E21701F200092530F /* Debug */,
				7F29D53F21701F200092530F /* Release */,
			);
			defaultConfigurationIsVisible = 0;
			defaultConfigurationName = Release;
		};
/* End XCConfigurationList section */
	};
	rootObject = 7F29D50721701F1D0092530F /* Project object */;
}
